
Microsoft Visual Studio Solution File, Format Version 12.00
# Visual Studio Version 17
VisualStudioVersion = 17.1.32407.343
MinimumVisualStudioVersion = 10.0.40219.1
Project("{FAE04EC0-301F-11D3-BF4B-00C04F79EFBC}") = "SuccessDash.Server", "SuccessDash\Server\SuccessDash.Server.csproj", "{04D5A84B-6F0B-40F9-9B01-0CB605FF0926}"
EndProject
Project("{FAE04EC0-301F-11D3-BF4B-00C04F79EFBC}") = "SuccessDash.Client", "SuccessDash\Client\SuccessDash.Client.csproj", "{80C26B67-5FEE-4E6F-8128-30FE93FA46F7}"
EndProject
Project("{FAE04EC0-301F-11D3-BF4B-00C04F79EFBC}") = "SuccessDash.Shared", "SuccessDash\Shared\SuccessDash.Shared.csproj", "{94B92F32-9819-4DE3-8D39-C2FA306A3183}"
EndProject
Global
	GlobalSection(SolutionConfigurationPlatforms) = preSolution
		Debug|Any CPU = Debug|Any CPU
		Release|Any CPU = Release|Any CPU
	EndGlobalSection
	GlobalSection(ProjectConfigurationPlatforms) = postSolution
		{04D5A84B-6F0B-40F9-9B01-0CB605FF0926}.Debug|Any CPU.ActiveCfg = Debug|Any CPU
		{04D5A84B-6F0B-40F9-9B01-0CB605FF0926}.Debug|Any CPU.Build.0 = Debug|Any CPU
		{04D5A84B-6F0B-40F9-9B01-0CB605FF0926}.Release|Any CPU.ActiveCfg = Release|Any CPU
		{04D5A84B-6F0B-40F9-9B01-0CB605FF0926}.Release|Any CPU.Build.0 = Release|Any CPU
		{80C26B67-5FEE-4E6F-8128-30FE93FA46F7}.Debug|Any CPU.ActiveCfg = Debug|Any CPU
		{80C26B67-5FEE-4E6F-8128-30FE93FA46F7}.Debug|Any CPU.Build.0 = Debug|Any CPU
		{80C26B67-5FEE-4E6F-8128-30FE93FA46F7}.Release|Any CPU.ActiveCfg = Release|Any CPU
		{80C26B67-5FEE-4E6F-8128-30FE93FA46F7}.Release|Any CPU.Build.0 = Release|Any CPU
		{94B92F32-9819-4DE3-8D39-C2FA306A3183}.Debug|Any CPU.ActiveCfg = Debug|Any CPU
		{94B92F32-9819-4DE3-8D39-C2FA306A3183}.Debug|Any CPU.Build.0 = Debug|Any CPU
		{94B92F32-9819-4DE3-8D39-C2FA306A3183}.Release|Any CPU.ActiveCfg = Release|Any CPU
		{94B92F32-9819-4DE3-8D39-C2FA306A3183}.Release|Any CPU.Build.0 = Release|Any CPU
	EndGlobalSection
	GlobalSection(SolutionProperties) = preSolution
		HideSolutionNode = FALSE
	EndGlobalSection
	GlobalSection(ExtensibilityGlobals) = postSolution
		SolutionGuid = {622FEC15-D193-47E1-A08E-ABFD248E2F18}
	EndGlobalSection
EndGlobal
